
Microsoft Visual Studio Solution File, Format Version 12.00
# Visual Studio Version 17
VisualStudioVersion = 17.5.002.0
MinimumVisualStudioVersion = 10.0.40219.1
Project("{2150E333-8FDC-42A3-9474-1A3956D46DE8}") = "C#", "C#", "{F8FAB9A4-2CB9-4F79-B1D8-AE021631F0CC}"
EndProject
Project("{9A19103F-16F7-4668-BE54-9A1E7A4F7556}") = "Hello", "C#\Hello\Hello.csproj", "{C02E2C95-2A7B-4A22-8A43-5388D6308FEA}"
EndProject
Project("{9A19103F-16F7-4668-BE54-9A1E7A4F7556}") = "MyConsoleApp", "C#\MyConsoleApp\MyConsoleApp.csproj", "{CDA63AD7-3BE5-4019-9869-D7D987A33461}"
EndProject
Global
	GlobalSection(SolutionConfigurationPlatforms) = preSolution
		Debug|Any CPU = Debug|Any CPU
		Release|Any CPU = Release|Any CPU
	EndGlobalSection
	GlobalSection(ProjectConfigurationPlatforms) = postSolution
		{C02E2C95-2A7B-4A22-8A43-5388D6308FEA}.Debug|Any CPU.ActiveCfg = Debug|Any CPU
		{C02E2C95-2A7B-4A22-8A43-5388D6308FEA}.Debug|Any CPU.Build.0 = Debug|Any CPU
		{C02E2C95-2A7B-4A22-8A43-5388D6308FEA}.Release|Any CPU.ActiveCfg = Release|Any CPU
		{C02E2C95-2A7B-4A22-8A43-5388D6308FEA}.Release|Any CPU.Build.0 = Release|Any CPU
		{CDA63AD7-3BE5-4019-9869-D7D987A33461}.Debug|Any CPU.ActiveCfg = Debug|Any CPU
		{CDA63AD7-3BE5-4019-9869-D7D987A33461}.Debug|Any CPU.Build.0 = Debug|Any CPU
		{CDA63AD7-3BE5-4019-9869-D7D987A33461}.Release|Any CPU.ActiveCfg = Release|Any CPU
		{CDA63AD7-3BE5-4019-9869-D7D987A33461}.Release|Any CPU.Build.0 = Release|Any CPU
	EndGlobalSection
	GlobalSection(SolutionProperties) = preSolution
		HideSolutionNode = FALSE
	EndGlobalSection
	GlobalSection(NestedProjects) = preSolution
		{C02E2C95-2A7B-4A22-8A43-5388D6308FEA} = {F8FAB9A4-2CB9-4F79-B1D8-AE021631F0CC}
		{CDA63AD7-3BE5-4019-9869-D7D987A33461} = {F8FAB9A4-2CB9-4F79-B1D8-AE021631F0CC}
	EndGlobalSection
	GlobalSection(ExtensibilityGlobals) = postSolution
		SolutionGuid = {552C061C-2C43-4E59-99C4-18D2EC2404D8}
	EndGlobalSection
EndGlobal
